
Microsoft Visual Studio Solution File, Format Version 12.00
# Visual Studio 2012
Project("{8BC9CEB8-8B4A-11D0-8D11-00A0C91BC942}") = "HelloWorldApplication", "HelloWorldApplication\HelloWorldApplication.vcxproj", "{92D2F732-608A-4E04-81B7-5275DB8E750F}"
EndProject
Global
	GlobalSection(SolutionConfigurationPlatforms) = preSolution
		Debug|Win32 = Debug|Win32
		Release|Win32 = Release|Win32
	EndGlobalSection
	GlobalSection(ProjectConfigurationPlatforms) = postSolution
		{92D2F732-608A-4E04-81B7-5275DB8E750F}.Debug|Win32.ActiveCfg = Debug|Win32
		{92D2F732-608A-4E04-81B7-5275DB8E750F}.Debug|Win32.Build.0 = Debug|Win32
		{92D2F732-608A-4E04-81B7-5275DB8E750F}.Release|Win32.ActiveCfg = Release|Win32
		{92D2F732-608A-4E04-81B7-5275DB8E750F}.Release|Win32.Build.0 = Release|Win32
	EndGlobalSection
	GlobalSection(SolutionProperties) = preSolution
		HideSolutionNode = FALSE
	EndGlobalSection
EndGlobal
